{
  "name": "usechupashadows",
  "version": "1.0.0",
  "lockfileVersion": 2,
  "requires": true,
  "packages": {
    "": {
      "name": "usechupashadows",
      "version": "1.0.0",
      "license": "ISC",
      "dependencies": {
        "chupashadows": "^1.0.0"
      }
    },
    "node_modules/chupashadows": {
      "version": "1.0.1",
      "resolved": "https://registry.npmjs.org/chupashadows/-/chupashadows-1.0.1.tgz",
      "integrity": "sha512-MfdMuH2RdItV31BJrl8j2ai/5q5ZEIHkcpWwOgSK73FRQEoIJ7Nh9XkZwXoM7/uBwlcDSxzkKMMRHli6OsQc9g=="
    }
  },
  "dependencies": {
    "chupashadows": {
      "version": "1.0.1",
      "resolved": "https://registry.npmjs.org/chupashadows/-/chupashadows-1.0.1.tgz",
      "integrity": "sha512-MfdMuH2RdItV31BJrl8j2ai/5q5ZEIHkcpWwOgSK73FRQEoIJ7Nh9XkZwXoM7/uBwlcDSxzkKMMRHli6OsQc9g=="
    }
  }
}
